
Microsoft Visual Studio Solution File, Format Version 12.00
# Visual Studio Version 17
VisualStudioVersion = 17.3.32811.315
MinimumVisualStudioVersion = 10.0.40219.1
Project("{FAE04EC0-301F-11D3-BF4B-00C04F79EFBC}") = "YapBiTarifWebApi", "YapBiTarifWebApi\YapBiTarifWebApi.csproj", "{2440EDEE-A9E6-4B91-874A-1FE4D16B56C0}"
EndProject
Global
	GlobalSection(SolutionConfigurationPlatforms) = preSolution
		Debug|Any CPU = Debug|Any CPU
		Release|Any CPU = Release|Any CPU
	EndGlobalSection
	GlobalSection(ProjectConfigurationPlatforms) = postSolution
		{2440EDEE-A9E6-4B91-874A-1FE4D16B56C0}.Debug|Any CPU.ActiveCfg = Debug|Any CPU
		{2440EDEE-A9E6-4B91-874A-1FE4D16B56C0}.Debug|Any CPU.Build.0 = Debug|Any CPU
		{2440EDEE-A9E6-4B91-874A-1FE4D16B56C0}.Release|Any CPU.ActiveCfg = Release|Any CPU
		{2440EDEE-A9E6-4B91-874A-1FE4D16B56C0}.Release|Any CPU.Build.0 = Release|Any CPU
	EndGlobalSection
	GlobalSection(SolutionProperties) = preSolution
		HideSolutionNode = FALSE
	EndGlobalSection
	GlobalSection(ExtensibilityGlobals) = postSolution
		SolutionGuid = {12DB2941-5C06-404D-A249-100B780B4F39}
	EndGlobalSection
EndGlobal
